
Microsoft Visual Studio Solution File, Format Version 12.00
# Visual Studio Version 16
VisualStudioVersion = 16.0.809.8
MinimumVisualStudioVersion = 10.0.40219.1
Project("{FAE04EC0-301F-11D3-BF4B-00C04F79EFBC}") = "GC_CarDealership", "GC_CarDealership\GC_CarDealership.csproj", "{2782F872-F68E-4673-88D7-F38B5CF5B6AD}"
EndProject
Project("{FAE04EC0-301F-11D3-BF4B-00C04F79EFBC}") = "GC_CarDealership_API", "GC_CarDealership_API\GC_CarDealership_API.csproj", "{ADA02FE0-0C3D-4BFF-819E-C71B1EA8F59B}"
EndProject
Global
	GlobalSection(SolutionConfigurationPlatforms) = preSolution
		Debug|Any CPU = Debug|Any CPU
		Release|Any CPU = Release|Any CPU
	EndGlobalSection
	GlobalSection(ProjectConfigurationPlatforms) = postSolution
		{2782F872-F68E-4673-88D7-F38B5CF5B6AD}.Debug|Any CPU.ActiveCfg = Debug|Any CPU
		{2782F872-F68E-4673-88D7-F38B5CF5B6AD}.Debug|Any CPU.Build.0 = Debug|Any CPU
		{2782F872-F68E-4673-88D7-F38B5CF5B6AD}.Release|Any CPU.ActiveCfg = Release|Any CPU
		{2782F872-F68E-4673-88D7-F38B5CF5B6AD}.Release|Any CPU.Build.0 = Release|Any CPU
		{ADA02FE0-0C3D-4BFF-819E-C71B1EA8F59B}.Debug|Any CPU.ActiveCfg = Debug|Any CPU
		{ADA02FE0-0C3D-4BFF-819E-C71B1EA8F59B}.Debug|Any CPU.Build.0 = Debug|Any CPU
		{ADA02FE0-0C3D-4BFF-819E-C71B1EA8F59B}.Release|Any CPU.ActiveCfg = Release|Any CPU
		{ADA02FE0-0C3D-4BFF-819E-C71B1EA8F59B}.Release|Any CPU.Build.0 = Release|Any CPU
	EndGlobalSection
	GlobalSection(SolutionProperties) = preSolution
		HideSolutionNode = FALSE
	EndGlobalSection
	GlobalSection(ExtensibilityGlobals) = postSolution
		SolutionGuid = {8025A87D-F264-44B0-BCA1-F053D00876EF}
	EndGlobalSection
EndGlobal
